// !$*UTF8*$!
{
	archiveVersion = 1;
	classes = {
	};
	objectVersion = 46;
	objects = {

/* Begin PBXBuildFile section */
		B92841831EBA0E77005DB4AF /* TrustDefenderMobile.framework in Frameworks */ = {isa = PBXBuildFile; fileRef = B92841821EBA0E77005DB4AF /* TrustDefenderMobile.framework */; };
		B92841851EBA0E9C005DB4AF /* CyberSource.swift in Sources */ = {isa = PBXBuildFile; fileRef = B92841841EBA0E9C005DB4AF /* CyberSource.swift */; };
		B92841861EBA0EDD005DB4AF /* libz.1.dylib in Frameworks */ = {isa = PBXBuildFile; fileRef = B928417F1EBA0CDC005DB4AF /* libz.1.dylib */; };
		B92841891EBA1384005DB4AF /* FraudDetectionAPI.swift in Sources */ = {isa = PBXBuildFile; fileRef = B92841881EBA1384005DB4AF /* FraudDetectionAPI.swift */; };
		B928418B1EBA2877005DB4AF /* FraudDetectionConfig.swift in Sources */ = {isa = PBXBuildFile; fileRef = B928418A1EBA2877005DB4AF /* FraudDetectionConfig.swift */; };
		B928BA051EB3C6EB00398867 /* sdk_ios_v2.framework in Frameworks */ = {isa = PBXBuildFile; fileRef = B928B9FB1EB3C6EB00398867 /* sdk_ios_v2.framework */; };
		B928BA0C1EB3C6EB00398867 /* sdk_ios_v2.h in Headers */ = {isa = PBXBuildFile; fileRef = B928B9FE1EB3C6EB00398867 /* sdk_ios_v2.h */; settings = {ATTRIBUTES = (Public, ); }; };
		B928BA6F1EB3CA8500398867 /* Alamofire.framework in Frameworks */ = {isa = PBXBuildFile; fileRef = B928BA6E1EB3CA8500398867 /* Alamofire.framework */; };
		B928BA851EB3CD6C00398867 /* sdkTests.swift in Sources */ = {isa = PBXBuildFile; fileRef = B928BA841EB3CD6C00398867 /* sdkTests.swift */; };
		B928BA9E1EB3D33500398867 /* Nimble.framework in Frameworks */ = {isa = PBXBuildFile; fileRef = B928BA9D1EB3D33500398867 /* Nimble.framework */; };
		B928BAA01EB3D33D00398867 /* Quick.framework in Frameworks */ = {isa = PBXBuildFile; fileRef = B928BA9F1EB3D33D00398867 /* Quick.framework */; };
		B928BAB11EB3D64800398867 /* AlamofireImplementations.swift in Sources */ = {isa = PBXBuildFile; fileRef = B928BAA11EB3D64800398867 /* AlamofireImplementations.swift */; };
		B928BAB21EB3D64800398867 /* APIHelper.swift in Sources */ = {isa = PBXBuildFile; fileRef = B928BAA21EB3D64800398867 /* APIHelper.swift */; };
		B928BAB31EB3D64800398867 /* PaymentsTokenAPI.swift in Sources */ = {isa = PBXBuildFile; fileRef = B928BAA41EB3D64800398867 /* PaymentsTokenAPI.swift */; };
		B928BAB41EB3D64800398867 /* APIs.swift in Sources */ = {isa = PBXBuildFile; fileRef = B928BAA51EB3D64800398867 /* APIs.swift */; };
		B928BAB51EB3D64800398867 /* Extensions.swift in Sources */ = {isa = PBXBuildFile; fileRef = B928BAA61EB3D64800398867 /* Extensions.swift */; };
		B928BAB61EB3D64800398867 /* CardHolder.swift in Sources */ = {isa = PBXBuildFile; fileRef = B928BAA81EB3D64800398867 /* CardHolder.swift */; };
		B928BAB71EB3D64800398867 /* CardHolderIdentification.swift in Sources */ = {isa = PBXBuildFile; fileRef = B928BAA91EB3D64800398867 /* CardHolderIdentification.swift */; };
		B928BAB81EB3D64800398867 /* FraudDetection.swift in Sources */ = {isa = PBXBuildFile; fileRef = B928BAAA1EB3D64800398867 /* FraudDetection.swift */; };
		B928BAB91EB3D64800398867 /* ModelError.swift in Sources */ = {isa = PBXBuildFile; fileRef = B928BAAB1EB3D64800398867 /* ModelError.swift */; };
		B928BABA1EB3D64800398867 /* PaymentTokenResponse.swift in Sources */ = {isa = PBXBuildFile; fileRef = B928BAAC1EB3D64800398867 /* PaymentTokenResponse.swift */; };
		B928BABB1EB3D64800398867 /* PaymentToken.swift in Sources */ = {isa = PBXBuildFile; fileRef = B928BAAD1EB3D64800398867 /* PaymentToken.swift */; };
		B928BABC1EB3D64800398867 /* PaymentCardToken.swift in Sources */ = {isa = PBXBuildFile; fileRef = B928BAAE1EB3D64800398867 /* PaymentCardToken.swift */; };
		B928BABD1EB3D64800398867 /* ValidationError.swift in Sources */ = {isa = PBXBuildFile; fileRef = B928BAAF1EB3D64800398867 /* ValidationError.swift */; };
		B928BABE1EB3D64800398867 /* Models.swift in Sources */ = {isa = PBXBuildFile; fileRef = B928BAB01EB3D64800398867 /* Models.swift */; };
/* End PBXBuildFile section */

/* Begin PBXContainerItemProxy section */
		B928BA061EB3C6EB00398867 /* PBXContainerItemProxy */ = {
			isa = PBXContainerItemProxy;
			containerPortal = B928B9F21EB3C6EB00398867 /* Project object */;
			proxyType = 1;
			remoteGlobalIDString = B928B9FA1EB3C6EB00398867;
			remoteInfo = sdk_ios_v2;
		};
/* End PBXContainerItemProxy section */

/* Begin PBXFileReference section */
		B92841551EBA0A66005DB4AF /* TrustDefenderMobile.framework */ = {isa = PBXFileReference; lastKnownFileType = wrapper.framework; name = TrustDefenderMobile.framework; path = "../../../Downloads/TrustDefender Mobile iOS v3.1-77 2/TrustDefenderMobile.framework"; sourceTree = "<group>"; };
		B928417F1EBA0CDC005DB4AF /* libz.1.dylib */ = {isa = PBXFileReference; lastKnownFileType = "compiled.mach-o.dylib"; name = libz.1.dylib; path = ../../../../../usr/lib/libz.1.dylib; sourceTree = "<group>"; };
		B92841821EBA0E77005DB4AF /* TrustDefenderMobile.framework */ = {isa = PBXFileReference; lastKnownFileType = wrapper.framework; path = TrustDefenderMobile.framework; sourceTree = "<group>"; };
		B92841841EBA0E9C005DB4AF /* CyberSource.swift */ = {isa = PBXFileReference; fileEncoding = 4; lastKnownFileType = sourcecode.swift; path = CyberSource.swift; sourceTree = "<group>"; };
		B92841881EBA1384005DB4AF /* FraudDetectionAPI.swift */ = {isa = PBXFileReference; fileEncoding = 4; lastKnownFileType = sourcecode.swift; path = FraudDetectionAPI.swift; sourceTree = "<group>"; };
		B928418A1EBA2877005DB4AF /* FraudDetectionConfig.swift */ = {isa = PBXFileReference; fileEncoding = 4; lastKnownFileType = sourcecode.swift; path = FraudDetectionConfig.swift; sourceTree = "<group>"; };
		B928B9FB1EB3C6EB00398867 /* sdk_ios_v2.framework */ = {isa = PBXFileReference; explicitFileType = wrapper.framework; includeInIndex = 0; path = sdk_ios_v2.framework; sourceTree = BUILT_PRODUCTS_DIR; };
		B928B9FE1EB3C6EB00398867 /* sdk_ios_v2.h */ = {isa = PBXFileReference; lastKnownFileType = sourcecode.c.h; path = sdk_ios_v2.h; sourceTree = "<group>"; };
		B928B9FF1EB3C6EB00398867 /* Info.plist */ = {isa = PBXFileReference; lastKnownFileType = text.plist.xml; path = Info.plist; sourceTree = "<group>"; };
		B928BA041EB3C6EB00398867 /* sdk_ios_v2Tests.xctest */ = {isa = PBXFileReference; explicitFileType = wrapper.cfbundle; includeInIndex = 0; path = sdk_ios_v2Tests.xctest; sourceTree = BUILT_PRODUCTS_DIR; };
		B928BA0B1EB3C6EB00398867 /* Info.plist */ = {isa = PBXFileReference; lastKnownFileType = text.plist.xml; path = Info.plist; sourceTree = "<group>"; };
		B928BA6E1EB3CA8500398867 /* Alamofire.framework */ = {isa = PBXFileReference; lastKnownFileType = wrapper.framework; name = Alamofire.framework; path = "Carthage/Checkouts/Alamofire/build/Debug-iphoneos/Alamofire.framework"; sourceTree = "<group>"; };
		B928BA701EB3CA9200398867 /* Quick.framework */ = {isa = PBXFileReference; lastKnownFileType = wrapper.framework; name = Quick.framework; path = Carthage/Checkouts/Quick/build/Debug/Quick.framework; sourceTree = "<group>"; };
		B928BA721EB3CA9900398867 /* Nimble.framework */ = {isa = PBXFileReference; lastKnownFileType = wrapper.framework; name = Nimble.framework; path = "Carthage/Checkouts/Nimble/build/Debug-iphoneos/Nimble.framework"; sourceTree = "<group>"; };
		B928BA741EB3CAEC00398867 /* Quick.framework */ = {isa = PBXFileReference; lastKnownFileType = wrapper.framework; name = Quick.framework; path = Carthage/Checkouts/Quick/build/Debug/Quick.framework; sourceTree = "<group>"; };
		B928BA761EB3CAF300398867 /* Nimble.framework */ = {isa = PBXFileReference; lastKnownFileType = wrapper.framework; name = Nimble.framework; path = "Carthage/Checkouts/Nimble/build/Debug-iphoneos/Nimble.framework"; sourceTree = "<group>"; };
		B928BA781EB3CBA300398867 /* Quick.framework */ = {isa = PBXFileReference; lastKnownFileType = wrapper.framework; name = Quick.framework; path = "Carthage/Checkouts/Quick/build/Debug-iphoneos/Quick.framework"; sourceTree = "<group>"; };
		B928BA7A1EB3CC0A00398867 /* Quick.framework */ = {isa = PBXFileReference; lastKnownFileType = wrapper.framework; name = Quick.framework; path = Carthage/Checkouts/Quick/build/Debug/Quick.framework; sourceTree = "<group>"; };
		B928BA841EB3CD6C00398867 /* sdkTests.swift */ = {isa = PBXFileReference; fileEncoding = 4; lastKnownFileType = sourcecode.swift; path = sdkTests.swift; sourceTree = "<group>"; };
		B928BA861EB3CEFF00398867 /* Quick.framework */ = {isa = PBXFileReference; lastKnownFileType = wrapper.framework; name = Quick.framework; path = "Carthage/Checkouts/Quick/build/Debug-iphoneos/Quick.framework"; sourceTree = "<group>"; };
		B928BA881EB3CF1E00398867 /* Nimble.framework */ = {isa = PBXFileReference; lastKnownFileType = wrapper.framework; name = Nimble.framework; path = "Carthage/Checkouts/Quick/Externals/Nimble/build/Debug-iphoneos/Nimble.framework"; sourceTree = "<group>"; };
		B928BA8A1EB3CFCE00398867 /* Quick.framework */ = {isa = PBXFileReference; lastKnownFileType = wrapper.framework; name = Quick.framework; path = "Carthage/Checkouts/Quick/build/Debug-appletvos/Quick.framework"; sourceTree = "<group>"; };
		B928BA8C1EB3CFD200398867 /* Quick.framework */ = {isa = PBXFileReference; lastKnownFileType = wrapper.framework; name = Quick.framework; path = "Carthage/Checkouts/Quick/build/Debug-iphoneos/Quick.framework"; sourceTree = "<group>"; };
		B928BA8E1EB3CFD500398867 /* Quick.framework */ = {isa = PBXFileReference; lastKnownFileType = wrapper.framework; name = Quick.framework; path = Carthage/Checkouts/Quick/build/Debug/Quick.framework; sourceTree = "<group>"; };
		B928BA901EB3CFDD00398867 /* Nimble.framework */ = {isa = PBXFileReference; lastKnownFileType = wrapper.framework; name = Nimble.framework; path = "Carthage/Checkouts/Quick/Externals/Nimble/build/Debug-iphoneos/Nimble.framework"; sourceTree = "<group>"; };
		B928BA921EB3CFE000398867 /* Nimble.framework */ = {isa = PBXFileReference; lastKnownFileType = wrapper.framework; name = Nimble.framework; path = Carthage/Checkouts/Quick/Externals/Nimble/build/Debug/Nimble.framework; sourceTree = "<group>"; };
		B928BA941EB3CFE300398867 /* Nimble.framework */ = {isa = PBXFileReference; lastKnownFileType = wrapper.framework; name = Nimble.framework; path = "Carthage/Checkouts/Quick/Externals/Nimble/build/Debug-appletvos/Nimble.framework"; sourceTree = "<group>"; };
		B928BA961EB3D0B000398867 /* Nimble.framework */ = {isa = PBXFileReference; lastKnownFileType = wrapper.framework; name = Nimble.framework; path = "../../../Library/Developer/Xcode/DerivedData/sdk_ios_v2-eivwkflufzcxlphicmjfahhqanmc/Build/Products/Debug-iphoneos/Nimble.framework"; sourceTree = "<group>"; };
		B928BA981EB3D0B900398867 /* Quick.framework */ = {isa = PBXFileReference; lastKnownFileType = wrapper.framework; name = Quick.framework; path = "../../../Library/Developer/Xcode/DerivedData/sdk_ios_v2-eivwkflufzcxlphicmjfahhqanmc/Build/Products/Debug-iphoneos/Quick.framework"; sourceTree = "<group>"; };
		B928BA9D1EB3D33500398867 /* Nimble.framework */ = {isa = PBXFileReference; lastKnownFileType = wrapper.framework; name = Nimble.framework; path = "../../../Library/Developer/Xcode/DerivedData/sdk_ios_v2-eivwkflufzcxlphicmjfahhqanmc/Build/Products/Debug-iphonesimulator/Nimble.framework"; sourceTree = "<group>"; };
		B928BA9F1EB3D33D00398867 /* Quick.framework */ = {isa = PBXFileReference; lastKnownFileType = wrapper.framework; name = Quick.framework; path = "../../../Library/Developer/Xcode/DerivedData/sdk_ios_v2-eivwkflufzcxlphicmjfahhqanmc/Build/Products/Debug-iphonesimulator/Quick.framework"; sourceTree = "<group>"; };
		B928BAA11EB3D64800398867 /* AlamofireImplementations.swift */ = {isa = PBXFileReference; fileEncoding = 4; lastKnownFileType = sourcecode.swift; path = AlamofireImplementations.swift; sourceTree = "<group>"; };
		B928BAA21EB3D64800398867 /* APIHelper.swift */ = {isa = PBXFileReference; fileEncoding = 4; lastKnownFileType = sourcecode.swift; path = APIHelper.swift; sourceTree = "<group>"; };
		B928BAA41EB3D64800398867 /* PaymentsTokenAPI.swift */ = {isa = PBXFileReference; fileEncoding = 4; lastKnownFileType = sourcecode.swift; path = PaymentsTokenAPI.swift; sourceTree = "<group>"; };
		B928BAA51EB3D64800398867 /* APIs.swift */ = {isa = PBXFileReference; fileEncoding = 4; lastKnownFileType = sourcecode.swift; path = APIs.swift; sourceTree = "<group>"; };
		B928BAA61EB3D64800398867 /* Extensions.swift */ = {isa = PBXFileReference; fileEncoding = 4; lastKnownFileType = sourcecode.swift; path = Extensions.swift; sourceTree = "<group>"; };
		B928BAA81EB3D64800398867 /* CardHolder.swift */ = {isa = PBXFileReference; fileEncoding = 4; lastKnownFileType = sourcecode.swift; path = CardHolder.swift; sourceTree = "<group>"; };
		B928BAA91EB3D64800398867 /* CardHolderIdentification.swift */ = {isa = PBXFileReference; fileEncoding = 4; lastKnownFileType = sourcecode.swift; path = CardHolderIdentification.swift; sourceTree = "<group>"; };
		B928BAAA1EB3D64800398867 /* FraudDetection.swift */ = {isa = PBXFileReference; fileEncoding = 4; lastKnownFileType = sourcecode.swift; path = FraudDetection.swift; sourceTree = "<group>"; };
		B928BAAB1EB3D64800398867 /* ModelError.swift */ = {isa = PBXFileReference; fileEncoding = 4; lastKnownFileType = sourcecode.swift; path = ModelError.swift; sourceTree = "<group>"; };
		B928BAAC1EB3D64800398867 /* PaymentTokenResponse.swift */ = {isa = PBXFileReference; fileEncoding = 4; lastKnownFileType = sourcecode.swift; path = PaymentTokenResponse.swift; sourceTree = "<group>"; };
		B928BAAD1EB3D64800398867 /* PaymentToken.swift */ = {isa = PBXFileReference; fileEncoding = 4; lastKnownFileType = sourcecode.swift; path = PaymentToken.swift; sourceTree = "<group>"; };
		B928BAAE1EB3D64800398867 /* PaymentCardToken.swift */ = {isa = PBXFileReference; fileEncoding = 4; lastKnownFileType = sourcecode.swift; path = PaymentCardToken.swift; sourceTree = "<group>"; };
		B928BAAF1EB3D64800398867 /* ValidationError.swift */ = {isa = PBXFileReference; fileEncoding = 4; lastKnownFileType = sourcecode.swift; path = ValidationError.swift; sourceTree = "<group>"; };
		B928BAB01EB3D64800398867 /* Models.swift */ = {isa = PBXFileReference; fileEncoding = 4; lastKnownFileType = sourcecode.swift; path = Models.swift; sourceTree = "<group>"; };
/* End PBXFileReference section */

/* Begin PBXFrameworksBuildPhase section */
		B928B9F71EB3C6EB00398867 /* Frameworks */ = {
			isa = PBXFrameworksBuildPhase;
			buildActionMask = 2147483647;
			files = (
				B92841861EBA0EDD005DB4AF /* libz.1.dylib in Frameworks */,
				B92841831EBA0E77005DB4AF /* TrustDefenderMobile.framework in Frameworks */,
				B928BA6F1EB3CA8500398867 /* Alamofire.framework in Frameworks */,
			);
			runOnlyForDeploymentPostprocessing = 0;
		};
		B928BA011EB3C6EB00398867 /* Frameworks */ = {
			isa = PBXFrameworksBuildPhase;
			buildActionMask = 2147483647;
			files = (
				B928BAA01EB3D33D00398867 /* Quick.framework in Frameworks */,
				B928BA9E1EB3D33500398867 /* Nimble.framework in Frameworks */,
				B928BA051EB3C6EB00398867 /* sdk_ios_v2.framework in Frameworks */,
			);
			runOnlyForDeploymentPostprocessing = 0;
		};
/* End PBXFrameworksBuildPhase section */

/* Begin PBXGroup section */
		B928B9F11EB3C6EB00398867 = {
			isa = PBXGroup;
			children = (
				B92841821EBA0E77005DB4AF /* TrustDefenderMobile.framework */,
				B928B9FD1EB3C6EB00398867 /* sdk_ios_v2 */,
				B928BA081EB3C6EB00398867 /* sdk_ios_v2Tests */,
				B928B9FC1EB3C6EB00398867 /* Products */,
				B928BA6D1EB3CA8500398867 /* Frameworks */,
			);
			sourceTree = "<group>";
		};
		B928B9FC1EB3C6EB00398867 /* Products */ = {
			isa = PBXGroup;
			children = (
				B928B9FB1EB3C6EB00398867 /* sdk_ios_v2.framework */,
				B928BA041EB3C6EB00398867 /* sdk_ios_v2Tests.xctest */,
			);
			name = Products;
			sourceTree = "<group>";
		};
		B928B9FD1EB3C6EB00398867 /* sdk_ios_v2 */ = {
			isa = PBXGroup;
			children = (
				B928BAA11EB3D64800398867 /* AlamofireImplementations.swift */,
				B928BAA21EB3D64800398867 /* APIHelper.swift */,
				B928BAA31EB3D64800398867 /* APIs */,
				B928BAA51EB3D64800398867 /* APIs.swift */,
				B928BAA61EB3D64800398867 /* Extensions.swift */,
				B928BAA71EB3D64800398867 /* Models */,
				B928BAB01EB3D64800398867 /* Models.swift */,
				B928B9FE1EB3C6EB00398867 /* sdk_ios_v2.h */,
				B928B9FF1EB3C6EB00398867 /* Info.plist */,
				B92841841EBA0E9C005DB4AF /* CyberSource.swift */,
			);
			path = sdk_ios_v2;
			sourceTree = "<group>";
		};
		B928BA081EB3C6EB00398867 /* sdk_ios_v2Tests */ = {
			isa = PBXGroup;
			children = (
				B928BA0B1EB3C6EB00398867 /* Info.plist */,
				B928BA841EB3CD6C00398867 /* sdkTests.swift */,
			);
			path = sdk_ios_v2Tests;
			sourceTree = "<group>";
		};
		B928BA6D1EB3CA8500398867 /* Frameworks */ = {
			isa = PBXGroup;
			children = (
				B928417F1EBA0CDC005DB4AF /* libz.1.dylib */,
				B92841551EBA0A66005DB4AF /* TrustDefenderMobile.framework */,
				B928BA9F1EB3D33D00398867 /* Quick.framework */,
				B928BA9D1EB3D33500398867 /* Nimble.framework */,
				B928BA981EB3D0B900398867 /* Quick.framework */,
				B928BA961EB3D0B000398867 /* Nimble.framework */,
				B928BA941EB3CFE300398867 /* Nimble.framework */,
				B928BA921EB3CFE000398867 /* Nimble.framework */,
				B928BA901EB3CFDD00398867 /* Nimble.framework */,
				B928BA8E1EB3CFD500398867 /* Quick.framework */,
				B928BA8C1EB3CFD200398867 /* Quick.framework */,
				B928BA8A1EB3CFCE00398867 /* Quick.framework */,
				B928BA881EB3CF1E00398867 /* Nimble.framework */,
				B928BA861EB3CEFF00398867 /* Quick.framework */,
				B928BA7A1EB3CC0A00398867 /* Quick.framework */,
				B928BA781EB3CBA300398867 /* Quick.framework */,
				B928BA761EB3CAF300398867 /* Nimble.framework */,
				B928BA741EB3CAEC00398867 /* Quick.framework */,
				B928BA721EB3CA9900398867 /* Nimble.framework */,
				B928BA701EB3CA9200398867 /* Quick.framework */,
				B928BA6E1EB3CA8500398867 /* Alamofire.framework */,
			);
			name = Frameworks;
			sourceTree = "<group>";
		};
		B928BAA31EB3D64800398867 /* APIs */ = {
			isa = PBXGroup;
			children = (
				B928BAA41EB3D64800398867 /* PaymentsTokenAPI.swift */,
				B92841881EBA1384005DB4AF /* FraudDetectionAPI.swift */,
			);
			path = APIs;
			sourceTree = "<group>";
		};
		B928BAA71EB3D64800398867 /* Models */ = {
			isa = PBXGroup;
			children = (
				B928BAA81EB3D64800398867 /* CardHolder.swift */,
				B928BAA91EB3D64800398867 /* CardHolderIdentification.swift */,
				B928BAAA1EB3D64800398867 /* FraudDetection.swift */,
				B928BAAB1EB3D64800398867 /* ModelError.swift */,
				B928BAAC1EB3D64800398867 /* PaymentTokenResponse.swift */,
				B928BAAD1EB3D64800398867 /* PaymentToken.swift */,
				B928BAAE1EB3D64800398867 /* PaymentCardToken.swift */,
				B928BAAF1EB3D64800398867 /* ValidationError.swift */,
				B928418A1EBA2877005DB4AF /* FraudDetectionConfig.swift */,
			);
			path = Models;
			sourceTree = "<group>";
		};
/* End PBXGroup section */

/* Begin PBXHeadersBuildPhase section */
		B928B9F81EB3C6EB00398867 /* Headers */ = {
			isa = PBXHeadersBuildPhase;
			buildActionMask = 2147483647;
			files = (
				B928BA0C1EB3C6EB00398867 /* sdk_ios_v2.h in Headers */,
			);
			runOnlyForDeploymentPostprocessing = 0;
		};
/* End PBXHeadersBuildPhase section */

/* Begin PBXNativeTarget section */
		B928B9FA1EB3C6EB00398867 /* sdk_ios_v2 */ = {
			isa = PBXNativeTarget;
			buildConfigurationList = B928BA0F1EB3C6EB00398867 /* Build configuration list for PBXNativeTarget "sdk_ios_v2" */;
			buildPhases = (
				B928B9F61EB3C6EB00398867 /* Sources */,
				B928B9F71EB3C6EB00398867 /* Frameworks */,
				B928B9F81EB3C6EB00398867 /* Headers */,
				B928B9F91EB3C6EB00398867 /* Resources */,
			);
			buildRules = (
			);
			dependencies = (
			);
			name = sdk_ios_v2;
			productName = sdk_ios_v2;
			productReference = B928B9FB1EB3C6EB00398867 /* sdk_ios_v2.framework */;
			productType = "com.apple.product-type.framework";
		};
		B928BA031EB3C6EB00398867 /* sdk_ios_v2Tests */ = {
			isa = PBXNativeTarget;
			buildConfigurationList = B928BA121EB3C6EB00398867 /* Build configuration list for PBXNativeTarget "sdk_ios_v2Tests" */;
			buildPhases = (
				B928BA001EB3C6EB00398867 /* Sources */,
				B928BA011EB3C6EB00398867 /* Frameworks */,
				B928BA021EB3C6EB00398867 /* Resources */,
			);
			buildRules = (
			);
			dependencies = (
				B928BA071EB3C6EB00398867 /* PBXTargetDependency */,
			);
			name = sdk_ios_v2Tests;
			productName = sdk_ios_v2Tests;
			productReference = B928BA041EB3C6EB00398867 /* sdk_ios_v2Tests.xctest */;
			productType = "com.apple.product-type.bundle.unit-test";
		};
/* End PBXNativeTarget section */

/* Begin PBXProject section */
		B928B9F21EB3C6EB00398867 /* Project object */ = {
			isa = PBXProject;
			attributes = {
				LastSwiftUpdateCheck = 0830;
				LastUpgradeCheck = 0830;
				ORGANIZATIONNAME = "Prisma Medios de Pago";
				TargetAttributes = {
					B928B9FA1EB3C6EB00398867 = {
						CreatedOnToolsVersion = 8.3.1;
						DevelopmentTeam = Z34G6W9973;
						LastSwiftMigration = 0830;
						ProvisioningStyle = Automatic;
					};
					B928BA031EB3C6EB00398867 = {
						CreatedOnToolsVersion = 8.3.1;
						DevelopmentTeam = Z34G6W9973;
						LastSwiftMigration = 0830;
						ProvisioningStyle = Automatic;
					};
				};
			};
			buildConfigurationList = B928B9F51EB3C6EB00398867 /* Build configuration list for PBXProject "sdk_ios_v2" */;
			compatibilityVersion = "Xcode 3.2";
			developmentRegion = English;
			hasScannedForEncodings = 0;
			knownRegions = (
				en,
			);
			mainGroup = B928B9F11EB3C6EB00398867;
			productRefGroup = B928B9FC1EB3C6EB00398867 /* Products */;
			projectDirPath = "";
			projectRoot = "";
			targets = (
				B928B9FA1EB3C6EB00398867 /* sdk_ios_v2 */,
				B928BA031EB3C6EB00398867 /* sdk_ios_v2Tests */,
			);
		};
/* End PBXProject section */

/* Begin PBXResourcesBuildPhase section */
		B928B9F91EB3C6EB00398867 /* Resources */ = {
			isa = PBXResourcesBuildPhase;
			buildActionMask = 2147483647;
			files = (
			);
			runOnlyForDeploymentPostprocessing = 0;
		};
		B928BA021EB3C6EB00398867 /* Resources */ = {
			isa = PBXResourcesBuildPhase;
			buildActionMask = 2147483647;
			files = (
			);
			runOnlyForDeploymentPostprocessing = 0;
		};
/* End PBXResourcesBuildPhase section */

/* Begin PBXSourcesBuildPhase section */
		B928B9F61EB3C6EB00398867 /* Sources */ = {
			isa = PBXSourcesBuildPhase;
			buildActionMask = 2147483647;
			files = (
				B928BAB71EB3D64800398867 /* CardHolderIdentification.swift in Sources */,
				B928BAB51EB3D64800398867 /* Extensions.swift in Sources */,
				B928BAB31EB3D64800398867 /* PaymentsTokenAPI.swift in Sources */,
				B928BABD1EB3D64800398867 /* ValidationError.swift in Sources */,
				B928BAB21EB3D64800398867 /* APIHelper.swift in Sources */,
				B92841851EBA0E9C005DB4AF /* CyberSource.swift in Sources */,
				B928BABC1EB3D64800398867 /* PaymentCardToken.swift in Sources */,
				B928BAB81EB3D64800398867 /* FraudDetection.swift in Sources */,
				B928BAB91EB3D64800398867 /* ModelError.swift in Sources */,
				B928BABB1EB3D64800398867 /* PaymentToken.swift in Sources */,
				B928BABA1EB3D64800398867 /* PaymentTokenResponse.swift in Sources */,
				B928BAB61EB3D64800398867 /* CardHolder.swift in Sources */,
				B928BAB41EB3D64800398867 /* APIs.swift in Sources */,
				B928418B1EBA2877005DB4AF /* FraudDetectionConfig.swift in Sources */,
				B92841891EBA1384005DB4AF /* FraudDetectionAPI.swift in Sources */,
				B928BAB11EB3D64800398867 /* AlamofireImplementations.swift in Sources */,
				B928BABE1EB3D64800398867 /* Models.swift in Sources */,
			);
			runOnlyForDeploymentPostprocessing = 0;
		};
		B928BA001EB3C6EB00398867 /* Sources */ = {
			isa = PBXSourcesBuildPhase;
			buildActionMask = 2147483647;
			files = (
				B928BA851EB3CD6C00398867 /* sdkTests.swift in Sources */,
			);
			runOnlyForDeploymentPostprocessing = 0;
		};
/* End PBXSourcesBuildPhase section */

/* Begin PBXTargetDependency section */
		B928BA071EB3C6EB00398867 /* PBXTargetDependency */ = {
			isa = PBXTargetDependency;
			target = B928B9FA1EB3C6EB00398867 /* sdk_ios_v2 */;
			targetProxy = B928BA061EB3C6EB00398867 /* PBXContainerItemProxy */;
		};
/* End PBXTargetDependency section */

/* Begin XCBuildConfiguration section */
		B928BA0D1EB3C6EB00398867 /* Debug */ = {
			isa = XCBuildConfiguration;
			buildSettings = {
				ALWAYS_SEARCH_USER_PATHS = NO;
				CLANG_ANALYZER_NONNULL = YES;
				CLANG_ANALYZER_NUMBER_OBJECT_CONVERSION = YES_AGGRESSIVE;
				CLANG_CXX_LANGUAGE_STANDARD = "gnu++0x";
				CLANG_CXX_LIBRARY = "libc++";
				CLANG_ENABLE_MODULES = YES;
				CLANG_ENABLE_OBJC_ARC = YES;
				CLANG_WARN_BOOL_CONVERSION = YES;
				CLANG_WARN_CONSTANT_CONVERSION = YES;
				CLANG_WARN_DIRECT_OBJC_ISA_USAGE = YES_ERROR;
				CLANG_WARN_DOCUMENTATION_COMMENTS = YES;
				CLANG_WARN_EMPTY_BODY = YES;
				CLANG_WARN_ENUM_CONVERSION = YES;
				CLANG_WARN_INFINITE_RECURSION = YES;
				CLANG_WARN_INT_CONVERSION = YES;
				CLANG_WARN_OBJC_ROOT_CLASS = YES_ERROR;
				CLANG_WARN_SUSPICIOUS_MOVE = YES;
				CLANG_WARN_UNREACHABLE_CODE = YES;
				CLANG_WARN__DUPLICATE_METHOD_MATCH = YES;
				"CODE_SIGN_IDENTITY[sdk=iphoneos*]" = "iPhone Developer";
				COPY_PHASE_STRIP = NO;
				CURRENT_PROJECT_VERSION = 1;
				DEBUG_INFORMATION_FORMAT = dwarf;
				ENABLE_STRICT_OBJC_MSGSEND = YES;
				ENABLE_TESTABILITY = YES;
				GCC_C_LANGUAGE_STANDARD = gnu99;
				GCC_DYNAMIC_NO_PIC = NO;
				GCC_NO_COMMON_BLOCKS = YES;
				GCC_OPTIMIZATION_LEVEL = 0;
				GCC_PREPROCESSOR_DEFINITIONS = (
					"DEBUG=1",
					"$(inherited)",
				);
				GCC_WARN_64_TO_32_BIT_CONVERSION = YES;
				GCC_WARN_ABOUT_RETURN_TYPE = YES_ERROR;
				GCC_WARN_UNDECLARED_SELECTOR = YES;
				GCC_WARN_UNINITIALIZED_AUTOS = YES_AGGRESSIVE;
				GCC_WARN_UNUSED_FUNCTION = YES;
				GCC_WARN_UNUSED_VARIABLE = YES;
				IPHONEOS_DEPLOYMENT_TARGET = 10.3;
				MTL_ENABLE_DEBUG_INFO = YES;
				ONLY_ACTIVE_ARCH = YES;
				SDKROOT = iphoneos;
				SWIFT_ACTIVE_COMPILATION_CONDITIONS = DEBUG;
				SWIFT_OPTIMIZATION_LEVEL = "-Onone";
				TARGETED_DEVICE_FAMILY = "1,2";
				VERSIONING_SYSTEM = "apple-generic";
				VERSION_INFO_PREFIX = "";
			};
			name = Debug;
		};
		B928BA0E1EB3C6EB00398867 /* Release */ = {
			isa = XCBuildConfiguration;
			buildSettings = {
				ALWAYS_SEARCH_USER_PATHS = NO;
				CLANG_ANALYZER_NONNULL = YES;
				CLANG_ANALYZER_NUMBER_OBJECT_CONVERSION = YES_AGGRESSIVE;
				CLANG_CXX_LANGUAGE_STANDARD = "gnu++0x";
				CLANG_CXX_LIBRARY = "libc++";
				CLANG_ENABLE_MODULES = YES;
				CLANG_ENABLE_OBJC_ARC = YES;
				CLANG_WARN_BOOL_CONVERSION = YES;
				CLANG_WARN_CONSTANT_CONVERSION = YES;
				CLANG_WARN_DIRECT_OBJC_ISA_USAGE = YES_ERROR;
				CLANG_WARN_DOCUMENTATION_COMMENTS = YES;
				CLANG_WARN_EMPTY_BODY = YES;
				CLANG_WARN_ENUM_CONVERSION = YES;
				CLANG_WARN_INFINITE_RECURSION = YES;
				CLANG_WARN_INT_CONVERSION = YES;
				CLANG_WARN_OBJC_ROOT_CLASS = YES_ERROR;
				CLANG_WARN_SUSPICIOUS_MOVE = YES;
				CLANG_WARN_UNREACHABLE_CODE = YES;
				CLANG_WARN__DUPLICATE_METHOD_MATCH = YES;
				"CODE_SIGN_IDENTITY[sdk=iphoneos*]" = "iPhone Developer";
				COPY_PHASE_STRIP = NO;
				CURRENT_PROJECT_VERSION = 1;
				DEBUG_INFORMATION_FORMAT = "dwarf-with-dsym";
				ENABLE_NS_ASSERTIONS = NO;
				ENABLE_STRICT_OBJC_MSGSEND = YES;
				GCC_C_LANGUAGE_STANDARD = gnu99;
				GCC_NO_COMMON_BLOCKS = YES;
				GCC_WARN_64_TO_32_BIT_CONVERSION = YES;
				GCC_WARN_ABOUT_RETURN_TYPE = YES_ERROR;
				GCC_WARN_UNDECLARED_SELECTOR = YES;
				GCC_WARN_UNINITIALIZED_AUTOS = YES_AGGRESSIVE;
				GCC_WARN_UNUSED_FUNCTION = YES;
				GCC_WARN_UNUSED_VARIABLE = YES;
				IPHONEOS_DEPLOYMENT_TARGET = 10.3;
				MTL_ENABLE_DEBUG_INFO = NO;
				SDKROOT = iphoneos;
				SWIFT_OPTIMIZATION_LEVEL = "-Owholemodule";
				TARGETED_DEVICE_FAMILY = "1,2";
				VALIDATE_PRODUCT = YES;
				VERSIONING_SYSTEM = "apple-generic";
				VERSION_INFO_PREFIX = "";
			};
			name = Release;
		};
		B928BA101EB3C6EB00398867 /* Debug */ = {
			isa = XCBuildConfiguration;
			buildSettings = {
				CLANG_ENABLE_MODULES = YES;
				CODE_SIGN_IDENTITY = "";
				DEFINES_MODULE = YES;
				DEVELOPMENT_TEAM = Z34G6W9973;
				DYLIB_COMPATIBILITY_VERSION = 1;
				DYLIB_CURRENT_VERSION = 1;
				DYLIB_INSTALL_NAME_BASE = "@rpath";
				FRAMEWORK_SEARCH_PATHS = (
					"$(inherited)",
					"$(PROJECT_DIR)/Carthage/Checkouts/Alamofire/build/Debug-iphoneos",
					"$(PROJECT_DIR)/Carthage/Checkouts/Quick/build/Debug",
					"$(PROJECT_DIR)/Carthage/Checkouts/Nimble/build/Debug-iphoneos",
					"$(PROJECT_DIR)",
				);
				INFOPLIST_FILE = sdk_ios_v2/Info.plist;
				INSTALL_PATH = "$(LOCAL_LIBRARY_DIR)/Frameworks";
				LD_RUNPATH_SEARCH_PATHS = "$(inherited) @executable_path/Frameworks @loader_path/Frameworks";
				MACH_O_TYPE = mh_dylib;
				PRODUCT_BUNDLE_IDENTIFIER = "com.prismamp.sdk-ios-v2";
				PRODUCT_NAME = "$(TARGET_NAME)";
				SKIP_INSTALL = YES;
				SWIFT_OPTIMIZATION_LEVEL = "-Onone";
				SWIFT_VERSION = 3.0;
			};
			name = Debug;
		};
		B928BA111EB3C6EB00398867 /* Release */ = {
			isa = XCBuildConfiguration;
			buildSettings = {
				CLANG_ENABLE_MODULES = YES;
				CODE_SIGN_IDENTITY = "";
				DEFINES_MODULE = YES;
				DEVELOPMENT_TEAM = Z34G6W9973;
				DYLIB_COMPATIBILITY_VERSION = 1;
				DYLIB_CURRENT_VERSION = 1;
				DYLIB_INSTALL_NAME_BASE = "@rpath";
				FRAMEWORK_SEARCH_PATHS = (
					"$(inherited)",
					"$(PROJECT_DIR)/Carthage/Checkouts/Alamofire/build/Debug-iphoneos",
					"$(PROJECT_DIR)/Carthage/Checkouts/Quick/build/Debug",
					"$(PROJECT_DIR)/Carthage/Checkouts/Nimble/build/Debug-iphoneos",
					"$(PROJECT_DIR)",
				);
				INFOPLIST_FILE = sdk_ios_v2/Info.plist;
				INSTALL_PATH = "$(LOCAL_LIBRARY_DIR)/Frameworks";
				LD_RUNPATH_SEARCH_PATHS = "$(inherited) @executable_path/Frameworks @loader_path/Frameworks";
				MACH_O_TYPE = mh_dylib;
				PRODUCT_BUNDLE_IDENTIFIER = "com.prismamp.sdk-ios-v2";
				PRODUCT_NAME = "$(TARGET_NAME)";
				SKIP_INSTALL = YES;
				SWIFT_VERSION = 3.0;
			};
			name = Release;
		};
		B928BA131EB3C6EB00398867 /* Debug */ = {
			isa = XCBuildConfiguration;
			buildSettings = {
				ALWAYS_EMBED_SWIFT_STANDARD_LIBRARIES = YES;
				CLANG_ENABLE_MODULES = YES;
				DEVELOPMENT_TEAM = Z34G6W9973;
				FRAMEWORK_SEARCH_PATHS = (
					"$(inherited)",
					"$(PROJECT_DIR)/Carthage/Checkouts/Quick/build/Debug",
					"$(PROJECT_DIR)/Carthage/Checkouts/Nimble/build/Debug-iphoneos",
					"$(PROJECT_DIR)/Carthage/Checkouts/Quick/build/Debug-iphoneos",
					"$(PROJECT_DIR)/Carthage/Checkouts/Quick/Externals/Nimble/build/Debug-iphoneos",
					"$(PROJECT_DIR)/Carthage/Checkouts/Quick/build/Debug-appletvos",
					"$(PROJECT_DIR)/Carthage/Checkouts/Quick/Externals/Nimble/build/Debug",
					"$(PROJECT_DIR)/Carthage/Checkouts/Quick/Externals/Nimble/build/Debug-appletvos",
				);
				INFOPLIST_FILE = sdk_ios_v2Tests/Info.plist;
				LD_RUNPATH_SEARCH_PATHS = "$(inherited) @executable_path/Frameworks @loader_path/Frameworks";
				PRODUCT_BUNDLE_IDENTIFIER = "com.prismamp.sdk-ios-v2Tests";
				PRODUCT_NAME = "$(TARGET_NAME)";
				SWIFT_OPTIMIZATION_LEVEL = "-Onone";
				SWIFT_VERSION = 3.0;
			};
			name = Debug;
		};
		B928BA141EB3C6EB00398867 /* Release */ = {
			isa = XCBuildConfiguration;
			buildSettings = {
				ALWAYS_EMBED_SWIFT_STANDARD_LIBRARIES = YES;
				CLANG_ENABLE_MODULES = YES;
				DEVELOPMENT_TEAM = Z34G6W9973;
				FRAMEWORK_SEARCH_PATHS = (
					"$(inherited)",
					"$(PROJECT_DIR)/Carthage/Checkouts/Quick/build/Debug",
					"$(PROJECT_DIR)/Carthage/Checkouts/Nimble/build/Debug-iphoneos",
					"$(PROJECT_DIR)/Carthage/Checkouts/Quick/build/Debug-iphoneos",
					"$(PROJECT_DIR)/Carthage/Checkouts/Quick/Externals/Nimble/build/Debug-iphoneos",
					"$(PROJECT_DIR)/Carthage/Checkouts/Quick/build/Debug-appletvos",
					"$(PROJECT_DIR)/Carthage/Checkouts/Quick/Externals/Nimble/build/Debug",
					"$(PROJECT_DIR)/Carthage/Checkouts/Quick/Externals/Nimble/build/Debug-appletvos",
				);
				INFOPLIST_FILE = sdk_ios_v2Tests/Info.plist;
				LD_RUNPATH_SEARCH_PATHS = "$(inherited) @executable_path/Frameworks @loader_path/Frameworks";
				PRODUCT_BUNDLE_IDENTIFIER = "com.prismamp.sdk-ios-v2Tests";
				PRODUCT_NAME = "$(TARGET_NAME)";
				SWIFT_VERSION = 3.0;
			};
			name = Release;
		};
/* End XCBuildConfiguration section */

/* Begin XCConfigurationList section */
		B928B9F51EB3C6EB00398867 /* Build configuration list for PBXProject "sdk_ios_v2" */ = {
			isa = XCConfigurationList;
			buildConfigurations = (
				B928BA0D1EB3C6EB00398867 /* Debug */,
				B928BA0E1EB3C6EB00398867 /* Release */,
			);
			defaultConfigurationIsVisible = 0;
			defaultConfigurationName = Release;
		};
		B928BA0F1EB3C6EB00398867 /* Build configuration list for PBXNativeTarget "sdk_ios_v2" */ = {
			isa = XCConfigurationList;
			buildConfigurations = (
				B928BA101EB3C6EB00398867 /* Debug */,
				B928BA111EB3C6EB00398867 /* Release */,
			);
			defaultConfigurationIsVisible = 0;
			defaultConfigurationName = Release;
		};
		B928BA121EB3C6EB00398867 /* Build configuration list for PBXNativeTarget "sdk_ios_v2Tests" */ = {
			isa = XCConfigurationList;
			buildConfigurations = (
				B928BA131EB3C6EB00398867 /* Debug */,
				B928BA141EB3C6EB00398867 /* Release */,
			);
			defaultConfigurationIsVisible = 0;
			defaultConfigurationName = Release;
		};
/* End XCConfigurationList section */
	};
	rootObject = B928B9F21EB3C6EB00398867 /* Project object */;
}
